// !$*UTF8*$!
{
	archiveVersion = 1;
	classes = {
	};
	objectVersion = 46;
	objects = {

/* Begin PBXBuildFile section */
		151546261811870E0053915D /* Foundation.framework in Frameworks */ = {isa = PBXBuildFile; fileRef = 151546251811870E0053915D /* Foundation.framework */; };
		151546281811870E0053915D /* CoreGraphics.framework in Frameworks */ = {isa = PBXBuildFile; fileRef = 151546271811870E0053915D /* CoreGraphics.framework */; };
		1515462A1811870E0053915D /* UIKit.framework in Frameworks */ = {isa = PBXBuildFile; fileRef = 151546291811870E0053915D /* UIKit.framework */; };
		151546301811870E0053915D /* InfoPlist.strings in Resources */ = {isa = PBXBuildFile; fileRef = 1515462E1811870E0053915D /* InfoPlist.strings */; };
		151546321811870E0053915D /* main.m in Sources */ = {isa = PBXBuildFile; fileRef = 151546311811870E0053915D /* main.m */; };
		151546361811870E0053915D /* AppDelegate.m in Sources */ = {isa = PBXBuildFile; fileRef = 151546351811870E0053915D /* AppDelegate.m */; };
		151546391811870E0053915D /* Main.storyboard in Resources */ = {isa = PBXBuildFile; fileRef = 151546371811870E0053915D /* Main.storyboard */; };
		1515463C1811870E0053915D /* ViewController.m in Sources */ = {isa = PBXBuildFile; fileRef = 1515463B1811870E0053915D /* ViewController.m */; };
		1515463E1811870E0053915D /* Images.xcassets in Resources */ = {isa = PBXBuildFile; fileRef = 1515463D1811870E0053915D /* Images.xcassets */; };
		151546451811870E0053915D /* XCTest.framework in Frameworks */ = {isa = PBXBuildFile; fileRef = 151546441811870E0053915D /* XCTest.framework */; };
		151546461811870E0053915D /* Foundation.framework in Frameworks */ = {isa = PBXBuildFile; fileRef = 151546251811870E0053915D /* Foundation.framework */; };
		151546471811870E0053915D /* UIKit.framework in Frameworks */ = {isa = PBXBuildFile; fileRef = 151546291811870E0053915D /* UIKit.framework */; };
		1515464F1811870E0053915D /* InfoPlist.strings in Resources */ = {isa = PBXBuildFile; fileRef = 1515464D1811870E0053915D /* InfoPlist.strings */; };
		151546511811870E0053915D /* textTestTests.m in Sources */ = {isa = PBXBuildFile; fileRef = 151546501811870E0053915D /* textTestTests.m */; };
		D02575DD18144BFB00B8A8E9 /* MessageUI.framework in Frameworks */ = {isa = PBXBuildFile; fileRef = D02575DC18144BFB00B8A8E9 /* MessageUI.framework */; };
		D0CFFB411818BFD500F3DDCA /* AboutViewController.m in Sources */ = {isa = PBXBuildFile; fileRef = D0CFFB401818BFD500F3DDCA /* AboutViewController.m */; };
/* End PBXBuildFile section */

/* Begin PBXContainerItemProxy section */
		151546481811870E0053915D /* PBXContainerItemProxy */ = {
			isa = PBXContainerItemProxy;
			containerPortal = 1515461A1811870E0053915D /* Project object */;
			proxyType = 1;
			remoteGlobalIDString = 151546211811870E0053915D;
			remoteInfo = textTest;
		};
/* End PBXContainerItemProxy section */

/* Begin PBXFileReference section */
		151546221811870E0053915D /* textTest.app */ = {isa = PBXFileReference; explicitFileType = wrapper.application; includeInIndex = 0; path = textTest.app; sourceTree = BUILT_PRODUCTS_DIR; };
		151546251811870E0053915D /* Foundation.framework */ = {isa = PBXFileReference; lastKnownFileType = wrapper.framework; name = Foundation.framework; path = System/Library/Frameworks/Foundation.framework; sourceTree = SDKROOT; };
		151546271811870E0053915D /* CoreGraphics.framework */ = {isa = PBXFileReference; lastKnownFileType = wrapper.framework; name = CoreGraphics.framework; path = System/Library/Frameworks/CoreGraphics.framework; sourceTree = SDKROOT; };
		151546291811870E0053915D /* UIKit.framework */ = {isa = PBXFileReference; lastKnownFileType = wrapper.framework; name = UIKit.framework; path = System/Library/Frameworks/UIKit.framework; sourceTree = SDKROOT; };
		1515462D1811870E0053915D /* textTest-Info.plist */ = {isa = PBXFileReference; lastKnownFileType = text.plist.xml; path = "textTest-Info.plist"; sourceTree = "<group>"; };
		1515462F1811870E0053915D /* en */ = {isa = PBXFileReference; lastKnownFileType = text.plist.strings; name = en; path = en.lproj/InfoPlist.strings; sourceTree = "<group>"; };
		151546311811870E0053915D /* main.m */ = {isa = PBXFileReference; lastKnownFileType = sourcecode.c.objc; path = main.m; sourceTree = "<group>"; };
		151546331811870E0053915D /* textTest-Prefix.pch */ = {isa = PBXFileReference; lastKnownFileType = sourcecode.c.h; path = "textTest-Prefix.pch"; sourceTree = "<group>"; };
		151546341811870E0053915D /* AppDelegate.h */ = {isa = PBXFileReference; lastKnownFileType = sourcecode.c.h; path = AppDelegate.h; sourceTree = "<group>"; };
		151546351811870E0053915D /* AppDelegate.m */ = {isa = PBXFileReference; lastKnownFileType = sourcecode.c.objc; path = AppDelegate.m; sourceTree = "<group>"; };
		151546381811870E0053915D /* Base */ = {isa = PBXFileReference; lastKnownFileType = file.storyboard; name = Base; path = Base.lproj/Main.storyboard; sourceTree = "<group>"; };
		1515463A1811870E0053915D /* ViewController.h */ = {isa = PBXFileReference; lastKnownFileType = sourcecode.c.h; path = ViewController.h; sourceTree = "<group>"; };
		1515463B1811870E0053915D /* ViewController.m */ = {isa = PBXFileReference; lastKnownFileType = sourcecode.c.objc; path = ViewController.m; sourceTree = "<group>"; };
		1515463D1811870E0053915D /* Images.xcassets */ = {isa = PBXFileReference; lastKnownFileType = folder.assetcatalog; path = Images.xcassets; sourceTree = "<group>"; };
		151546431811870E0053915D /* textTestTests.xctest */ = {isa = PBXFileReference; explicitFileType = wrapper.cfbundle; includeInIndex = 0; path = textTestTests.xctest; sourceTree = BUILT_PRODUCTS_DIR; };
		151546441811870E0053915D /* XCTest.framework */ = {isa = PBXFileReference; lastKnownFileType = wrapper.framework; name = XCTest.framework; path = Library/Frameworks/XCTest.framework; sourceTree = DEVELOPER_DIR; };
		1515464C1811870E0053915D /* textTestTests-Info.plist */ = {isa = PBXFileReference; lastKnownFileType = text.plist.xml; path = "textTestTests-Info.plist"; sourceTree = "<group>"; };
		1515464E1811870E0053915D /* en */ = {isa = PBXFileReference; lastKnownFileType = text.plist.strings; name = en; path = en.lproj/InfoPlist.strings; sourceTree = "<group>"; };
		151546501811870E0053915D /* textTestTests.m */ = {isa = PBXFileReference; lastKnownFileType = sourcecode.c.objc; path = textTestTests.m; sourceTree = "<group>"; };
		D02575DC18144BFB00B8A8E9 /* MessageUI.framework */ = {isa = PBXFileReference; lastKnownFileType = wrapper.framework; name = MessageUI.framework; path = System/Library/Frameworks/MessageUI.framework; sourceTree = SDKROOT; };
		D0CFFB3F1818BFD500F3DDCA /* AboutViewController.h */ = {isa = PBXFileReference; fileEncoding = 4; lastKnownFileType = sourcecode.c.h; path = AboutViewController.h; sourceTree = "<group>"; };
		D0CFFB401818BFD500F3DDCA /* AboutViewController.m */ = {isa = PBXFileReference; fileEncoding = 4; lastKnownFileType = sourcecode.c.objc; path = AboutViewController.m; sourceTree = "<group>"; };
/* End PBXFileReference section */

/* Begin PBXFrameworksBuildPhase section */
		1515461F1811870E0053915D /* Frameworks */ = {
			isa = PBXFrameworksBuildPhase;
			buildActionMask = 2147483647;
			files = (
				D02575DD18144BFB00B8A8E9 /* MessageUI.framework in Frameworks */,
				151546281811870E0053915D /* CoreGraphics.framework in Frameworks */,
				1515462A1811870E0053915D /* UIKit.framework in Frameworks */,
				151546261811870E0053915D /* Foundation.framework in Frameworks */,
			);
			runOnlyForDeploymentPostprocessing = 0;
		};
		151546401811870E0053915D /* Frameworks */ = {
			isa = PBXFrameworksBuildPhase;
			buildActionMask = 2147483647;
			files = (
				151546451811870E0053915D /* XCTest.framework in Frameworks */,
				151546471811870E0053915D /* UIKit.framework in Frameworks */,
				151546461811870E0053915D /* Foundation.framework in Frameworks */,
			);
			runOnlyForDeploymentPostprocessing = 0;
		};
/* End PBXFrameworksBuildPhase section */

/* Begin PBXGroup section */
		151546191811870E0053915D = {
			isa = PBXGroup;
			children = (
				1515462B1811870E0053915D /* textTest */,
				1515464A1811870E0053915D /* textTestTests */,
				151546241811870E0053915D /* Frameworks */,
				151546231811870E0053915D /* Products */,
			);
			sourceTree = "<group>";
		};
		151546231811870E0053915D /* Products */ = {
			isa = PBXGroup;
			children = (
				151546221811870E0053915D /* textTest.app */,
				151546431811870E0053915D /* textTestTests.xctest */,
			);
			name = Products;
			sourceTree = "<group>";
		};
		151546241811870E0053915D /* Frameworks */ = {
			isa = PBXGroup;
			children = (
				D02575DC18144BFB00B8A8E9 /* MessageUI.framework */,
				151546251811870E0053915D /* Foundation.framework */,
				151546271811870E0053915D /* CoreGraphics.framework */,
				151546291811870E0053915D /* UIKit.framework */,
				151546441811870E0053915D /* XCTest.framework */,
			);
			name = Frameworks;
			sourceTree = "<group>";
		};
		1515462B1811870E0053915D /* textTest */ = {
			isa = PBXGroup;
			children = (
				151546371811870E0053915D /* Main.storyboard */,
				1515463A1811870E0053915D /* ViewController.h */,
				1515463B1811870E0053915D /* ViewController.m */,
				1515463D1811870E0053915D /* Images.xcassets */,
				1515462C1811870E0053915D /* Supporting Files */,
				D0CFFB3F1818BFD500F3DDCA /* AboutViewController.h */,
				D0CFFB401818BFD500F3DDCA /* AboutViewController.m */,
			);
			path = textTest;
			sourceTree = "<group>";
		};
		1515462C1811870E0053915D /* Supporting Files */ = {
			isa = PBXGroup;
			children = (
				151546341811870E0053915D /* AppDelegate.h */,
				151546351811870E0053915D /* AppDelegate.m */,
				1515462D1811870E0053915D /* textTest-Info.plist */,
				1515462E1811870E0053915D /* InfoPlist.strings */,
				151546311811870E0053915D /* main.m */,
				151546331811870E0053915D /* textTest-Prefix.pch */,
			);
			name = "Supporting Files";
			sourceTree = "<group>";
		};
		1515464A1811870E0053915D /* textTestTests */ = {
			isa = PBXGroup;
			children = (
				151546501811870E0053915D /* textTestTests.m */,
				1515464B1811870E0053915D /* Supporting Files */,
			);
			path = textTestTests;
			sourceTree = "<group>";
		};
		1515464B1811870E0053915D /* Supporting Files */ = {
			isa = PBXGroup;
			children = (
				1515464C1811870E0053915D /* textTestTests-Info.plist */,
				1515464D1811870E0053915D /* InfoPlist.strings */,
			);
			name = "Supporting Files";
			sourceTree = "<group>";
		};
/* End PBXGroup section */

/* Begin PBXNativeTarget section */
		151546211811870E0053915D /* textTest */ = {
			isa = PBXNativeTarget;
			buildConfigurationList = 151546541811870E0053915D /* Build configuration list for PBXNativeTarget "textTest" */;
			buildPhases = (
				1515461E1811870E0053915D /* Sources */,
				1515461F1811870E0053915D /* Frameworks */,
				151546201811870E0053915D /* Resources */,
			);
			buildRules = (
			);
			dependencies = (
			);
			name = textTest;
			productName = textTest;
			productReference = 151546221811870E0053915D /* textTest.app */;
			productType = "com.apple.product-type.application";
		};
		151546421811870E0053915D /* textTestTests */ = {
			isa = PBXNativeTarget;
			buildConfigurationList = 151546571811870E0053915D /* Build configuration list for PBXNativeTarget "textTestTests" */;
			buildPhases = (
				1515463F1811870E0053915D /* Sources */,
				151546401811870E0053915D /* Frameworks */,
				151546411811870E0053915D /* Resources */,
			);
			buildRules = (
			);
			dependencies = (
				151546491811870E0053915D /* PBXTargetDependency */,
			);
			name = textTestTests;
			productName = textTestTests;
			productReference = 151546431811870E0053915D /* textTestTests.xctest */;
			productType = "com.apple.product-type.bundle.unit-test";
		};
/* End PBXNativeTarget section */

/* Begin PBXProject section */
		1515461A1811870E0053915D /* Project object */ = {
			isa = PBXProject;
			attributes = {
				LastUpgradeCheck = 0500;
				ORGANIZATIONNAME = TWL;
				TargetAttributes = {
					151546421811870E0053915D = {
						TestTargetID = 151546211811870E0053915D;
					};
				};
			};
			buildConfigurationList = 1515461D1811870E0053915D /* Build configuration list for PBXProject "textTest" */;
			compatibilityVersion = "Xcode 3.2";
			developmentRegion = English;
			hasScannedForEncodings = 0;
			knownRegions = (
				en,
				Base,
			);
			mainGroup = 151546191811870E0053915D;
			productRefGroup = 151546231811870E0053915D /* Products */;
			projectDirPath = "";
			projectRoot = "";
			targets = (
				151546211811870E0053915D /* textTest */,
				151546421811870E0053915D /* textTestTests */,
			);
		};
/* End PBXProject section */

/* Begin PBXResourcesBuildPhase section */
		151546201811870E0053915D /* Resources */ = {
			isa = PBXResourcesBuildPhase;
			buildActionMask = 2147483647;
			files = (
				1515463E1811870E0053915D /* Images.xcassets in Resources */,
				151546301811870E0053915D /* InfoPlist.strings in Resources */,
				151546391811870E0053915D /* Main.storyboard in Resources */,
			);
			runOnlyForDeploymentPostprocessing = 0;
		};
		151546411811870E0053915D /* Resources */ = {
			isa = PBXResourcesBuildPhase;
			buildActionMask = 2147483647;
			files = (
				1515464F1811870E0053915D /* InfoPlist.strings in Resources */,
			);
			runOnlyForDeploymentPostprocessing = 0;
		};
/* End PBXResourcesBuildPhase section */

/* Begin PBXSourcesBuildPhase section */
		1515461E1811870E0053915D /* Sources */ = {
			isa = PBXSourcesBuildPhase;
			buildActionMask = 2147483647;
			files = (
				1515463C1811870E0053915D /* ViewController.m in Sources */,
				151546361811870E0053915D /* AppDelegate.m in Sources */,
				D0CFFB411818BFD500F3DDCA /* AboutViewController.m in Sources */,
				151546321811870E0053915D /* main.m in Sources */,
			);
			runOnlyForDeploymentPostprocessing = 0;
		};
		1515463F1811870E0053915D /* Sources */ = {
			isa = PBXSourcesBuildPhase;
			buildActionMask = 2147483647;
			files = (
				151546511811870E0053915D /* textTestTests.m in Sources */,
			);
			runOnlyForDeploymentPostprocessing = 0;
		};
/* End PBXSourcesBuildPhase section */

/* Begin PBXTargetDependency section */
		151546491811870E0053915D /* PBXTargetDependency */ = {
			isa = PBXTargetDependency;
			target = 151546211811870E0053915D /* textTest */;
			targetProxy = 151546481811870E0053915D /* PBXContainerItemProxy */;
		};
/* End PBXTargetDependency section */

/* Begin PBXVariantGroup section */
		1515462E1811870E0053915D /* InfoPlist.strings */ = {
			isa = PBXVariantGroup;
			children = (
				1515462F1811870E0053915D /* en */,
			);
			name = InfoPlist.strings;
			sourceTree = "<group>";
		};
		151546371811870E0053915D /* Main.storyboard */ = {
			isa = PBXVariantGroup;
			children = (
				151546381811870E0053915D /* Base */,
			);
			name = Main.storyboard;
			sourceTree = "<group>";
		};
		1515464D1811870E0053915D /* InfoPlist.strings */ = {
			isa = PBXVariantGroup;
			children = (
				1515464E1811870E0053915D /* en */,
			);
			name = InfoPlist.strings;
			sourceTree = "<group>";
		};
/* End PBXVariantGroup section */

/* Begin XCBuildConfiguration section */
		151546521811870E0053915D /* Debug */ = {
			isa = XCBuildConfiguration;
			buildSettings = {
				ALWAYS_SEARCH_USER_PATHS = NO;
				ARCHS = "$(ARCHS_STANDARD_INCLUDING_64_BIT)";
				CLANG_CXX_LANGUAGE_STANDARD = "gnu++0x";
				CLANG_CXX_LIBRARY = "libc++";
				CLANG_ENABLE_MODULES = YES;
				CLANG_ENABLE_OBJC_ARC = YES;
				CLANG_WARN_BOOL_CONVERSION = YES;
				CLANG_WARN_CONSTANT_CONVERSION = YES;
				CLANG_WARN_DIRECT_OBJC_ISA_USAGE = YES_ERROR;
				CLANG_WARN_EMPTY_BODY = YES;
				CLANG_WARN_ENUM_CONVERSION = YES;
				CLANG_WARN_INT_CONVERSION = YES;
				CLANG_WARN_OBJC_ROOT_CLASS = YES_ERROR;
				CLANG_WARN__DUPLICATE_METHOD_MATCH = YES;
				"CODE_SIGN_IDENTITY[sdk=iphoneos*]" = "iPhone Developer";
				COPY_PHASE_STRIP = NO;
				GCC_C_LANGUAGE_STANDARD = gnu99;
				GCC_DYNAMIC_NO_PIC = NO;
				GCC_OPTIMIZATION_LEVEL = 0;
				GCC_PREPROCESSOR_DEFINITIONS = (
					"DEBUG=1",
					"$(inherited)",
				);
				GCC_SYMBOLS_PRIVATE_EXTERN = NO;
				GCC_WARN_64_TO_32_BIT_CONVERSION = YES;
				GCC_WARN_ABOUT_RETURN_TYPE = YES_ERROR;
				GCC_WARN_UNDECLARED_SELECTOR = YES;
				GCC_WARN_UNINITIALIZED_AUTOS = YES;
				GCC_WARN_UNUSED_FUNCTION = YES;
				GCC_WARN_UNUSED_VARIABLE = YES;
				IPHONEOS_DEPLOYMENT_TARGET = 7.0;
				ONLY_ACTIVE_ARCH = YES;
				SDKROOT = iphoneos;
			};
			name = Debug;
		};
		151546531811870E0053915D /* Release */ = {
			isa = XCBuildConfiguration;
			buildSettings = {
				ALWAYS_SEARCH_USER_PATHS = NO;
				ARCHS = "$(ARCHS_STANDARD_INCLUDING_64_BIT)";
				CLANG_CXX_LANGUAGE_STANDARD = "gnu++0x";
				CLANG_CXX_LIBRARY = "libc++";
				CLANG_ENABLE_MODULES = YES;
				CLANG_ENABLE_OBJC_ARC = YES;
				CLANG_WARN_BOOL_CONVERSION = YES;
				CLANG_WARN_CONSTANT_CONVERSION = YES;
				CLANG_WARN_DIRECT_OBJC_ISA_USAGE = YES_ERROR;
				CLANG_WARN_EMPTY_BODY = YES;
				CLANG_WARN_ENUM_CONVERSION = YES;
				CLANG_WARN_INT_CONVERSION = YES;
				CLANG_WARN_OBJC_ROOT_CLASS = YES_ERROR;
				CLANG_WARN__DUPLICATE_METHOD_MATCH = YES;
				"CODE_SIGN_IDENTITY[sdk=iphoneos*]" = "iPhone Developer";
				COPY_PHASE_STRIP = YES;
				ENABLE_NS_ASSERTIONS = NO;
				GCC_C_LANGUAGE_STANDARD = gnu99;
				GCC_WARN_64_TO_32_BIT_CONVERSION = YES;
				GCC_WARN_ABOUT_RETURN_TYPE = YES_ERROR;
				GCC_WARN_UNDECLARED_SELECTOR = YES;
				GCC_WARN_UNINITIALIZED_AUTOS = YES;
				GCC_WARN_UNUSED_FUNCTION = YES;
				GCC_WARN_UNUSED_VARIABLE = YES;
				IPHONEOS_DEPLOYMENT_TARGET = 7.0;
				SDKROOT = iphoneos;
				VALIDATE_PRODUCT = YES;
			};
			name = Release;
		};
		151546551811870E0053915D /* Debug */ = {
			isa = XCBuildConfiguration;
			buildSettings = {
				ASSETCATALOG_COMPILER_APPICON_NAME = AppIcon;
				ASSETCATALOG_COMPILER_LAUNCHIMAGE_NAME = LaunchImage;
				GCC_PRECOMPILE_PREFIX_HEADER = YES;
				GCC_PREFIX_HEADER = "textTest/textTest-Prefix.pch";
				INFOPLIST_FILE = "textTest/textTest-Info.plist";
				PRODUCT_NAME = "$(TARGET_NAME)";
				WRAPPER_EXTENSION = app;
			};
			name = Debug;
		};
		151546561811870E0053915D /* Release */ = {
			isa = XCBuildConfiguration;
			buildSettings = {
				ASSETCATALOG_COMPILER_APPICON_NAME = AppIcon;
				ASSETCATALOG_COMPILER_LAUNCHIMAGE_NAME = LaunchImage;
				GCC_PRECOMPILE_PREFIX_HEADER = YES;
				GCC_PREFIX_HEADER = "textTest/textTest-Prefix.pch";
				INFOPLIST_FILE = "textTest/textTest-Info.plist";
				PRODUCT_NAME = "$(TARGET_NAME)";
				WRAPPER_EXTENSION = app;
			};
			name = Release;
		};
		151546581811870E0053915D /* Debug */ = {
			isa = XCBuildConfiguration;
			buildSettings = {
				ARCHS = "$(ARCHS_STANDARD_INCLUDING_64_BIT)";
				BUNDLE_LOADER = "$(BUILT_PRODUCTS_DIR)/textTest.app/textTest";
				FRAMEWORK_SEARCH_PATHS = (
					"$(SDKROOT)/Developer/Library/Frameworks",
					"$(inherited)",
					"$(DEVELOPER_FRAMEWORKS_DIR)",
				);
				GCC_PRECOMPILE_PREFIX_HEADER = YES;
				GCC_PREFIX_HEADER = "textTest/textTest-Prefix.pch";
				GCC_PREPROCESSOR_DEFINITIONS = (
					"DEBUG=1",
					"$(inherited)",
				);
				INFOPLIST_FILE = "textTestTests/textTestTests-Info.plist";
				PRODUCT_NAME = "$(TARGET_NAME)";
				TEST_HOST = "$(BUNDLE_LOADER)";
				WRAPPER_EXTENSION = xctest;
			};
			name = Debug;
		};
		151546591811870E0053915D /* Release */ = {
			isa = XCBuildConfiguration;
			buildSettings = {
				ARCHS = "$(ARCHS_STANDARD_INCLUDING_64_BIT)";
				BUNDLE_LOADER = "$(BUILT_PRODUCTS_DIR)/textTest.app/textTest";
				FRAMEWORK_SEARCH_PATHS = (
					"$(SDKROOT)/Developer/Library/Frameworks",
					"$(inherited)",
					"$(DEVELOPER_FRAMEWORKS_DIR)",
				);
				GCC_PRECOMPILE_PREFIX_HEADER = YES;
				GCC_PREFIX_HEADER = "textTest/textTest-Prefix.pch";
				INFOPLIST_FILE = "textTestTests/textTestTests-Info.plist";
				PRODUCT_NAME = "$(TARGET_NAME)";
				TEST_HOST = "$(BUNDLE_LOADER)";
				WRAPPER_EXTENSION = xctest;
			};
			name = Release;
		};
/* End XCBuildConfiguration section */

/* Begin XCConfigurationList section */
		1515461D1811870E0053915D /* Build configuration list for PBXProject "textTest" */ = {
			isa = XCConfigurationList;
			buildConfigurations = (
				151546521811870E0053915D /* Debug */,
				151546531811870E0053915D /* Release */,
			);
			defaultConfigurationIsVisible = 0;
			defaultConfigurationName = Release;
		};
		151546541811870E0053915D /* Build configuration list for PBXNativeTarget "textTest" */ = {
			isa = XCConfigurationList;
			buildConfigurations = (
				151546551811870E0053915D /* Debug */,
				151546561811870E0053915D /* Release */,
			);
			defaultConfigurationIsVisible = 0;
			defaultConfigurationName = Release;
		};
		151546571811870E0053915D /* Build configuration list for PBXNativeTarget "textTestTests" */ = {
			isa = XCConfigurationList;
			buildConfigurations = (
				151546581811870E0053915D /* Debug */,
				151546591811870E0053915D /* Release */,
			);
			defaultConfigurationIsVisible = 0;
			defaultConfigurationName = Release;
		};
/* End XCConfigurationList section */
	};
	rootObject = 1515461A1811870E0053915D /* Project object */;
}
